
Microsoft Visual Studio Solution File, Format Version 12.00
# Visual Studio 15
VisualStudioVersion = 15.0.27130.2027
MinimumVisualStudioVersion = 10.0.40219.1
Project("{FAE04EC0-301F-11D3-BF4B-00C04F79EFBC}") = "SpaceArcade2.0", "SpaceArcade2.0\SpaceArcade2.0.csproj", "{C65EFCA2-875D-44C4-B34B-F7BBE288BF8E}"
EndProject
Global
	GlobalSection(SolutionConfigurationPlatforms) = preSolution
		Debug|Any CPU = Debug|Any CPU
		Release|Any CPU = Release|Any CPU
	EndGlobalSection
	GlobalSection(ProjectConfigurationPlatforms) = postSolution
		{C65EFCA2-875D-44C4-B34B-F7BBE288BF8E}.Debug|Any CPU.ActiveCfg = Debug|Any CPU
		{C65EFCA2-875D-44C4-B34B-F7BBE288BF8E}.Debug|Any CPU.Build.0 = Debug|Any CPU
		{C65EFCA2-875D-44C4-B34B-F7BBE288BF8E}.Release|Any CPU.ActiveCfg = Release|Any CPU
		{C65EFCA2-875D-44C4-B34B-F7BBE288BF8E}.Release|Any CPU.Build.0 = Release|Any CPU
	EndGlobalSection
	GlobalSection(SolutionProperties) = preSolution
		HideSolutionNode = FALSE
	EndGlobalSection
	GlobalSection(ExtensibilityGlobals) = postSolution
		SolutionGuid = {2715013F-A3B6-43AD-BB73-EB9DDE408B08}
	EndGlobalSection
EndGlobal
